
Microsoft Visual Studio Solution File, Format Version 12.00
# Visual Studio Version 16
VisualStudioVersion = 16.0.31729.503
MinimumVisualStudioVersion = 10.0.40219.1
Project("{FAE04EC0-301F-11D3-BF4B-00C04F79EFBC}") = "Fifth", "Fifth\Fifth.csproj", "{FBC9EEAB-8092-4BA9-93B1-C6578E7EE4E3}"
EndProject
Global
	GlobalSection(SolutionConfigurationPlatforms) = preSolution
		Debug|Any CPU = Debug|Any CPU
		Release|Any CPU = Release|Any CPU
	EndGlobalSection
	GlobalSection(ProjectConfigurationPlatforms) = postSolution
		{FBC9EEAB-8092-4BA9-93B1-C6578E7EE4E3}.Debug|Any CPU.ActiveCfg = Debug|Any CPU
		{FBC9EEAB-8092-4BA9-93B1-C6578E7EE4E3}.Debug|Any CPU.Build.0 = Debug|Any CPU
		{FBC9EEAB-8092-4BA9-93B1-C6578E7EE4E3}.Release|Any CPU.ActiveCfg = Release|Any CPU
		{FBC9EEAB-8092-4BA9-93B1-C6578E7EE4E3}.Release|Any CPU.Build.0 = Release|Any CPU
	EndGlobalSection
	GlobalSection(SolutionProperties) = preSolution
		HideSolutionNode = FALSE
	EndGlobalSection
	GlobalSection(ExtensibilityGlobals) = postSolution
		SolutionGuid = {A5E5E83F-9480-45E0-8A2F-5E47B6DD9B88}
	EndGlobalSection
EndGlobal
